PODS:
  - SnapKit (5.0.1)
  - SwiftFormat/CLI (0.53.4)
  - SwiftLint (0.54.0)
  - Then (3.0.0)

DEPENDENCIES:
  - SnapKit
  - SwiftFormat/CLI
  - SwiftLint
  - Then

SPEC REPOS:
  trunk:
    - SnapKit
    - SwiftFormat
    - SwiftLint
    - Then

SPEC CHECKSUMS:
  SnapKit: 97b92857e3df3a0c71833cce143274bf6ef8e5eb
  SwiftFormat: c9a4fbd5e58fc630e0062523186284a917a8803c
  SwiftLint: c1de071d9d08c8aba837545f6254315bc900e211
  Then: 844265ae87834bbe1147d91d5d41a404da2ec27d

PODFILE CHECKSUM: e917e7f4ab2ad1c0f96604d352b2c7cc55342cbd

COCOAPODS: 1.10.0
