// !$*UTF8*$!
{
	archiveVersion = 1;
	classes = {
	};
	objectVersion = 56;
	objects = {

/* Begin PBXBuildFile section */
		7D515FF7962BC50BF94A2C13 /* Pods_artist_promotion_platform.framework in Frameworks */ = {isa = PBXBuildFile; fileRef = 1851023A6244DB5D35F7304F /* Pods_artist_promotion_platform.framework */; };
		F7B5F9B22C087CF000DE1F88 /* AppDelegate.swift in Sources */ = {isa = PBXBuildFile; fileRef = F7B5F9B12C087CF000DE1F88 /* AppDelegate.swift */; };
		F7B5F9B42C087CF000DE1F88 /* SceneDelegate.swift in Sources */ = {isa = PBXBuildFile; fileRef = F7B5F9B32C087CF000DE1F88 /* SceneDelegate.swift */; };
		F7B5F9B62C087CF000DE1F88 /* ViewController.swift in Sources */ = {isa = PBXBuildFile; fileRef = F7B5F9B52C087CF000DE1F88 /* ViewController.swift */; };
		F7B5F9B92C087CF000DE1F88 /* Main.storyboard in Resources */ = {isa = PBXBuildFile; fileRef = F7B5F9B72C087CF000DE1F88 /* Main.storyboard */; };
		F7B5F9BB2C087CF600DE1F88 /* Assets.xcassets in Resources */ = {isa = PBXBuildFile; fileRef = F7B5F9BA2C087CF600DE1F88 /* Assets.xcassets */; };
		F7B5F9BE2C087CF600DE1F88 /* LaunchScreen.storyboard in Resources */ = {isa = PBXBuildFile; fileRef = F7B5F9BC2C087CF600DE1F88 /* LaunchScreen.storyboard */; };
/* End PBXBuildFile section */

/* Begin PBXFileReference section */
		1851023A6244DB5D35F7304F /* Pods_artist_promotion_platform.framework */ = {isa = PBXFileReference; explicitFileType = wrapper.framework; includeInIndex = 0; path = Pods_artist_promotion_platform.framework; sourceTree = BUILT_PRODUCTS_DIR; };
		3DEA6D87F7FF4FBEA8370B0E /* Pods-artist-promotion-platform.debug.xcconfig */ = {isa = PBXFileReference; includeInIndex = 1; lastKnownFileType = text.xcconfig; name = "Pods-artist-promotion-platform.debug.xcconfig"; path = "Target Support Files/Pods-artist-promotion-platform/Pods-artist-promotion-platform.debug.xcconfig"; sourceTree = "<group>"; };
		CDCD3B24520C88967B7D93D6 /* Pods-artist-promotion-platform.release.xcconfig */ = {isa = PBXFileReference; includeInIndex = 1; lastKnownFileType = text.xcconfig; name = "Pods-artist-promotion-platform.release.xcconfig"; path = "Target Support Files/Pods-artist-promotion-platform/Pods-artist-promotion-platform.release.xcconfig"; sourceTree = "<group>"; };
		F7B5F9AE2C087CF000DE1F88 /* artist-promotion-platform.app */ = {isa = PBXFileReference; explicitFileType = wrapper.application; includeInIndex = 0; path = "artist-promotion-platform.app"; sourceTree = BUILT_PRODUCTS_DIR; };
		F7B5F9B12C087CF000DE1F88 /* AppDelegate.swift */ = {isa = PBXFileReference; lastKnownFileType = sourcecode.swift; path = AppDelegate.swift; sourceTree = "<group>"; };
		F7B5F9B32C087CF000DE1F88 /* SceneDelegate.swift */ = {isa = PBXFileReference; lastKnownFileType = sourcecode.swift; path = SceneDelegate.swift; sourceTree = "<group>"; };
		F7B5F9B52C087CF000DE1F88 /* ViewController.swift */ = {isa = PBXFileReference; lastKnownFileType = sourcecode.swift; path = ViewController.swift; sourceTree = "<group>"; };
		F7B5F9B82C087CF000DE1F88 /* Base */ = {isa = PBXFileReference; lastKnownFileType = file.storyboard; name = Base; path = Base.lproj/Main.storyboard; sourceTree = "<group>"; };
		F7B5F9BA2C087CF600DE1F88 /* Assets.xcassets */ = {isa = PBXFileReference; lastKnownFileType = folder.assetcatalog; path = Assets.xcassets; sourceTree = "<group>"; };
		F7B5F9BD2C087CF600DE1F88 /* Base */ = {isa = PBXFileReference; lastKnownFileType = file.storyboard; name = Base; path = Base.lproj/LaunchScreen.storyboard; sourceTree = "<group>"; };
		F7B5F9BF2C087CF600DE1F88 /* Info.plist */ = {isa = PBXFileReference; lastKnownFileType = text.plist.xml; path = Info.plist; sourceTree = "<group>"; };
/* End PBXFileReference section */

/* Begin PBXFrameworksBuildPhase section */
		F7B5F9AB2C087CF000DE1F88 /* Frameworks */ = {
			isa = PBXFrameworksBuildPhase;
			buildActionMask = 2147483647;
			files = (
				7D515FF7962BC50BF94A2C13 /* Pods_artist_promotion_platform.framework in Frameworks */,
			);
			runOnlyForDeploymentPostprocessing = 0;
		};
/* End PBXFrameworksBuildPhase section */

/* Begin PBXGroup section */
		A5E0D7F6A7486EF8DADA8180 /* Pods */ = {
			isa = PBXGroup;
			children = (
				3DEA6D87F7FF4FBEA8370B0E /* Pods-artist-promotion-platform.debug.xcconfig */,
				CDCD3B24520C88967B7D93D6 /* Pods-artist-promotion-platform.release.xcconfig */,
			);
			path = Pods;
			sourceTree = "<group>";
		};
		D603860D8A62407EFDB7A2CC /* Frameworks */ = {
			isa = PBXGroup;
			children = (
				1851023A6244DB5D35F7304F /* Pods_artist_promotion_platform.framework */,
			);
			name = Frameworks;
			sourceTree = "<group>";
		};
		F7B5F9A52C087CF000DE1F88 = {
			isa = PBXGroup;
			children = (
				F7B5F9B02C087CF000DE1F88 /* artist-promotion-platform */,
				F7B5F9AF2C087CF000DE1F88 /* Products */,
				A5E0D7F6A7486EF8DADA8180 /* Pods */,
				D603860D8A62407EFDB7A2CC /* Frameworks */,
			);
			sourceTree = "<group>";
		};
		F7B5F9AF2C087CF000DE1F88 /* Products */ = {
			isa = PBXGroup;
			children = (
				F7B5F9AE2C087CF000DE1F88 /* artist-promotion-platform.app */,
			);
			name = Products;
			sourceTree = "<group>";
		};
		F7B5F9B02C087CF000DE1F88 /* artist-promotion-platform */ = {
			isa = PBXGroup;
			children = (
				F7B5F9B12C087CF000DE1F88 /* AppDelegate.swift */,
				F7B5F9B32C087CF000DE1F88 /* SceneDelegate.swift */,
				F7B5F9B52C087CF000DE1F88 /* ViewController.swift */,
				F7B5F9B72C087CF000DE1F88 /* Main.storyboard */,
				F7B5F9BA2C087CF600DE1F88 /* Assets.xcassets */,
				F7B5F9BC2C087CF600DE1F88 /* LaunchScreen.storyboard */,
				F7B5F9BF2C087CF600DE1F88 /* Info.plist */,
			);
			path = "artist-promotion-platform";
			sourceTree = "<group>";
		};
/* End PBXGroup section */

/* Begin PBXNativeTarget section */
		F7B5F9AD2C087CF000DE1F88 /* artist-promotion-platform */ = {
			isa = PBXNativeTarget;
			buildConfigurationList = F7B5F9C22C087CF600DE1F88 /* Build configuration list for PBXNativeTarget "artist-promotion-platform" */;
			buildPhases = (
				2D88F889D3D56A518AB80273 /* [CP] Check Pods Manifest.lock */,
				F7B5F9C62C08815400DE1F88 /* Run SwiftFormat */,
				F7B5F9AA2C087CF000DE1F88 /* Sources */,
				F7B5F9C52C08800A00DE1F88 /* Run SwiftLint */,
				F7B5F9AB2C087CF000DE1F88 /* Frameworks */,
				F7B5F9AC2C087CF000DE1F88 /* Resources */,
				32B9AF0E48D60B60ED69D632 /* [CP] Embed Pods Frameworks */,
			);
			buildRules = (
			);
			dependencies = (
			);
			name = "artist-promotion-platform";
			productName = "artist-promotion-platform";
			productReference = F7B5F9AE2C087CF000DE1F88 /* artist-promotion-platform.app */;
			productType = "com.apple.product-type.application";
		};
/* End PBXNativeTarget section */

/* Begin PBXProject section */
		F7B5F9A62C087CF000DE1F88 /* Project object */ = {
			isa = PBXProject;
			attributes = {
				BuildIndependentTargetsInParallel = 1;
				LastSwiftUpdateCheck = 1510;
				LastUpgradeCheck = 1510;
				TargetAttributes = {
					F7B5F9AD2C087CF000DE1F88 = {
						CreatedOnToolsVersion = 15.1;
					};
				};
			};
			buildConfigurationList = F7B5F9A92C087CF000DE1F88 /* Build configuration list for PBXProject "artist-promotion-platform" */;
			compatibilityVersion = "Xcode 14.0";
			developmentRegion = en;
			hasScannedForEncodings = 0;
			knownRegions = (
				en,
				Base,
			);
			mainGroup = F7B5F9A52C087CF000DE1F88;
			productRefGroup = F7B5F9AF2C087CF000DE1F88 /* Products */;
			projectDirPath = "";
			projectRoot = "";
			targets = (
				F7B5F9AD2C087CF000DE1F88 /* artist-promotion-platform */,
			);
		};
/* End PBXProject section */

/* Begin PBXResourcesBuildPhase section */
		F7B5F9AC2C087CF000DE1F88 /* Resources */ = {
			isa = PBXResourcesBuildPhase;
			buildActionMask = 2147483647;
			files = (
				F7B5F9BE2C087CF600DE1F88 /* LaunchScreen.storyboard in Resources */,
				F7B5F9BB2C087CF600DE1F88 /* Assets.xcassets in Resources */,
				F7B5F9B92C087CF000DE1F88 /* Main.storyboard in Resources */,
			);
			runOnlyForDeploymentPostprocessing = 0;
		};
/* End PBXResourcesBuildPhase section */

/* Begin PBXShellScriptBuildPhase section */
		2D88F889D3D56A518AB80273 /* [CP] Check Pods Manifest.lock */ = {
			isa = PBXShellScriptBuildPhase;
			buildActionMask = 2147483647;
			files = (
			);
			inputFileListPaths = (
			);
			inputPaths = (
				"${PODS_PODFILE_DIR_PATH}/Podfile.lock",
				"${PODS_ROOT}/Manifest.lock",
			);
			name = "[CP] Check Pods Manifest.lock";
			outputFileListPaths = (
			);
			outputPaths = (
				"$(DERIVED_FILE_DIR)/Pods-artist-promotion-platform-checkManifestLockResult.txt",
			);
			runOnlyForDeploymentPostprocessing = 0;
			shellPath = /bin/sh;
			shellScript = "diff \"${PODS_PODFILE_DIR_PATH}/Podfile.lock\" \"${PODS_ROOT}/Manifest.lock\" > /dev/null\nif [ $? != 0 ] ; then\n    # print error to STDERR\n    echo \"error: The sandbox is not in sync with the Podfile.lock. Run 'pod install' or update your CocoaPods installation.\" >&2\n    exit 1\nfi\n# This output is used by Xcode 'outputs' to avoid re-running this script phase.\necho \"SUCCESS\" > \"${SCRIPT_OUTPUT_FILE_0}\"\n";
			showEnvVarsInLog = 0;
		};
		32B9AF0E48D60B60ED69D632 /* [CP] Embed Pods Frameworks */ = {
			isa = PBXShellScriptBuildPhase;
			buildActionMask = 2147483647;
			files = (
			);
			inputFileListPaths = (
				"${PODS_ROOT}/Target Support Files/Pods-artist-promotion-platform/Pods-artist-promotion-platform-frameworks-${CONFIGURATION}-input-files.xcfilelist",
			);
			name = "[CP] Embed Pods Frameworks";
			outputFileListPaths = (
				"${PODS_ROOT}/Target Support Files/Pods-artist-promotion-platform/Pods-artist-promotion-platform-frameworks-${CONFIGURATION}-output-files.xcfilelist",
			);
			runOnlyForDeploymentPostprocessing = 0;
			shellPath = /bin/sh;
			shellScript = "\"${PODS_ROOT}/Target Support Files/Pods-artist-promotion-platform/Pods-artist-promotion-platform-frameworks.sh\"\n";
			showEnvVarsInLog = 0;
		};
		F7B5F9C52C08800A00DE1F88 /* Run SwiftLint */ = {
			isa = PBXShellScriptBuildPhase;
			buildActionMask = 2147483647;
			files = (
			);
			inputFileListPaths = (
			);
			inputPaths = (
			);
			name = "Run SwiftLint";
			outputFileListPaths = (
			);
			outputPaths = (
			);
			runOnlyForDeploymentPostprocessing = 0;
			shellPath = /bin/sh;
			shellScript = "if [ \"${CONFIGURATION}\" = \"Debug\" ]; then\n        ${PODS_ROOT}/SwiftLint/swiftlint autocorrect\n\n        ${PODS_ROOT}/SwiftLint/swiftlint --config $SRCROOT/swiftlint.yml --strict\nfi\n";
		};
		F7B5F9C62C08815400DE1F88 /* Run SwiftFormat */ = {
			isa = PBXShellScriptBuildPhase;
			buildActionMask = 2147483647;
			files = (
			);
			inputFileListPaths = (
			);
			inputPaths = (
			);
			name = "Run SwiftFormat";
			outputFileListPaths = (
			);
			outputPaths = (
			);
			runOnlyForDeploymentPostprocessing = 0;
			shellPath = /bin/sh;
			shellScript = "if [ \"${CONFIGURATION}\" = \"Debug\" ]; then\n    if which ${PODS_ROOT}/SwiftFormat/CommandLineTool/swiftformat >/dev/null; then  \n      ${PODS_ROOT}/SwiftFormat/CommandLineTool/swiftformat --lint \n      ${PODS_ROOT}/SwiftFormat/CommandLineTool/swiftformat --config \"$SRCROOT/.swiftformat\" --cache clear \"$SRCROOT\" \n    else\n      echo \"warning: SwiftFormat not installed, download from https://github.com/nicklockwood/SwiftFormat\"\n      exit 1\n    fi \nfi\n";
		};
/* End PBXShellScriptBuildPhase section */

/* Begin PBXSourcesBuildPhase section */
		F7B5F9AA2C087CF000DE1F88 /* Sources */ = {
			isa = PBXSourcesBuildPhase;
			buildActionMask = 2147483647;
			files = (
				F7B5F9B62C087CF000DE1F88 /* ViewController.swift in Sources */,
				F7B5F9B22C087CF000DE1F88 /* AppDelegate.swift in Sources */,
				F7B5F9B42C087CF000DE1F88 /* SceneDelegate.swift in Sources */,
			);
			runOnlyForDeploymentPostprocessing = 0;
		};
/* End PBXSourcesBuildPhase section */

/* Begin PBXVariantGroup section */
		F7B5F9B72C087CF000DE1F88 /* Main.storyboard */ = {
			isa = PBXVariantGroup;
			children = (
				F7B5F9B82C087CF000DE1F88 /* Base */,
			);
			name = Main.storyboard;
			sourceTree = "<group>";
		};
		F7B5F9BC2C087CF600DE1F88 /* LaunchScreen.storyboard */ = {
			isa = PBXVariantGroup;
			children = (
				F7B5F9BD2C087CF600DE1F88 /* Base */,
			);
			name = LaunchScreen.storyboard;
			sourceTree = "<group>";
		};
/* End PBXVariantGroup section */

/* Begin XCBuildConfiguration section */
		F7B5F9C02C087CF600DE1F88 /* Debug */ = {
			isa = XCBuildConfiguration;
			buildSettings = {
				ALWAYS_SEARCH_USER_PATHS = NO;
				ASSETCATALOG_COMPILER_GENERATE_SWIFT_ASSET_SYMBOL_EXTENSIONS = YES;
				CLANG_ANALYZER_NONNULL = YES;
				CLANG_ANALYZER_NUMBER_OBJECT_CONVERSION = YES_AGGRESSIVE;
				CLANG_CXX_LANGUAGE_STANDARD = "gnu++20";
				CLANG_ENABLE_MODULES = YES;
				CLANG_ENABLE_OBJC_ARC = YES;
				CLANG_ENABLE_OBJC_WEAK = YES;
				CLANG_WARN_BLOCK_CAPTURE_AUTORELEASING = YES;
				CLANG_WARN_BOOL_CONVERSION = YES;
				CLANG_WARN_COMMA = YES;
				CLANG_WARN_CONSTANT_CONVERSION = YES;
				CLANG_WARN_DEPRECATED_OBJC_IMPLEMENTATIONS = YES;
				CLANG_WARN_DIRECT_OBJC_ISA_USAGE = YES_ERROR;
				CLANG_WARN_DOCUMENTATION_COMMENTS = YES;
				CLANG_WARN_EMPTY_BODY = YES;
				CLANG_WARN_ENUM_CONVERSION = YES;
				CLANG_WARN_INFINITE_RECURSION = YES;
				CLANG_WARN_INT_CONVERSION = YES;
				CLANG_WARN_NON_LITERAL_NULL_CONVERSION = YES;
				CLANG_WARN_OBJC_IMPLICIT_RETAIN_SELF = YES;
				CLANG_WARN_OBJC_LITERAL_CONVERSION = YES;
				CLANG_WARN_OBJC_ROOT_CLASS = YES_ERROR;
				CLANG_WARN_QUOTED_INCLUDE_IN_FRAMEWORK_HEADER = YES;
				CLANG_WARN_RANGE_LOOP_ANALYSIS = YES;
				CLANG_WARN_STRICT_PROTOTYPES = YES;
				CLANG_WARN_SUSPICIOUS_MOVE = YES;
				CLANG_WARN_UNGUARDED_AVAILABILITY = YES_AGGRESSIVE;
				CLANG_WARN_UNREACHABLE_CODE = YES;
				CLANG_WARN__DUPLICATE_METHOD_MATCH = YES;
				COPY_PHASE_STRIP = NO;
				DEBUG_INFORMATION_FORMAT = dwarf;
				ENABLE_STRICT_OBJC_MSGSEND = YES;
				ENABLE_TESTABILITY = YES;
				ENABLE_USER_SCRIPT_SANDBOXING = NO;
				GCC_C_LANGUAGE_STANDARD = gnu17;
				GCC_DYNAMIC_NO_PIC = NO;
				GCC_NO_COMMON_BLOCKS = YES;
				GCC_OPTIMIZATION_LEVEL = 0;
				GCC_PREPROCESSOR_DEFINITIONS = (
					"DEBUG=1",
					"$(inherited)",
				);
				GCC_WARN_64_TO_32_BIT_CONVERSION = YES;
				GCC_WARN_ABOUT_RETURN_TYPE = YES_ERROR;
				GCC_WARN_UNDECLARED_SELECTOR = YES;
				GCC_WARN_UNINITIALIZED_AUTOS = YES_AGGRESSIVE;
				GCC_WARN_UNUSED_FUNCTION = YES;
				GCC_WARN_UNUSED_VARIABLE = YES;
				IPHONEOS_DEPLOYMENT_TARGET = 15.0;
				LOCALIZATION_PREFERS_STRING_CATALOGS = YES;
				MTL_ENABLE_DEBUG_INFO = INCLUDE_SOURCE;
				MTL_FAST_MATH = YES;
				ONLY_ACTIVE_ARCH = YES;
				SDKROOT = iphoneos;
				SWIFT_ACTIVE_COMPILATION_CONDITIONS = "DEBUG $(inherited)";
				SWIFT_OPTIMIZATION_LEVEL = "-Onone";
			};
			name = Debug;
		};
		F7B5F9C12C087CF600DE1F88 /* Release */ = {
			isa = XCBuildConfiguration;
			buildSettings = {
				ALWAYS_SEARCH_USER_PATHS = NO;
				ASSETCATALOG_COMPILER_GENERATE_SWIFT_ASSET_SYMBOL_EXTENSIONS = YES;
				CLANG_ANALYZER_NONNULL = YES;
				CLANG_ANALYZER_NUMBER_OBJECT_CONVERSION = YES_AGGRESSIVE;
				CLANG_CXX_LANGUAGE_STANDARD = "gnu++20";
				CLANG_ENABLE_MODULES = YES;
				CLANG_ENABLE_OBJC_ARC = YES;
				CLANG_ENABLE_OBJC_WEAK = YES;
				CLANG_WARN_BLOCK_CAPTURE_AUTORELEASING = YES;
				CLANG_WARN_BOOL_CONVERSION = YES;
				CLANG_WARN_COMMA = YES;
				CLANG_WARN_CONSTANT_CONVERSION = YES;
				CLANG_WARN_DEPRECATED_OBJC_IMPLEMENTATIONS = YES;
				CLANG_WARN_DIRECT_OBJC_ISA_USAGE = YES_ERROR;
				CLANG_WARN_DOCUMENTATION_COMMENTS = YES;
				CLANG_WARN_EMPTY_BODY = YES;
				CLANG_WARN_ENUM_CONVERSION = YES;
				CLANG_WARN_INFINITE_RECURSION = YES;
				CLANG_WARN_INT_CONVERSION = YES;
				CLANG_WARN_NON_LITERAL_NULL_CONVERSION = YES;
				CLANG_WARN_OBJC_IMPLICIT_RETAIN_SELF = YES;
				CLANG_WARN_OBJC_LITERAL_CONVERSION = YES;
				CLANG_WARN_OBJC_ROOT_CLASS = YES_ERROR;
				CLANG_WARN_QUOTED_INCLUDE_IN_FRAMEWORK_HEADER = YES;
				CLANG_WARN_RANGE_LOOP_ANALYSIS = YES;
				CLANG_WARN_STRICT_PROTOTYPES = YES;
				CLANG_WARN_SUSPICIOUS_MOVE = YES;
				CLANG_WARN_UNGUARDED_AVAILABILITY = YES_AGGRESSIVE;
				CLANG_WARN_UNREACHABLE_CODE = YES;
				CLANG_WARN__DUPLICATE_METHOD_MATCH = YES;
				COPY_PHASE_STRIP = NO;
				DEBUG_INFORMATION_FORMAT = "dwarf-with-dsym";
				ENABLE_NS_ASSERTIONS = NO;
				ENABLE_STRICT_OBJC_MSGSEND = YES;
				ENABLE_USER_SCRIPT_SANDBOXING = NO;
				GCC_C_LANGUAGE_STANDARD = gnu17;
				GCC_NO_COMMON_BLOCKS = YES;
				GCC_WARN_64_TO_32_BIT_CONVERSION = YES;
				GCC_WARN_ABOUT_RETURN_TYPE = YES_ERROR;
				GCC_WARN_UNDECLARED_SELECTOR = YES;
				GCC_WARN_UNINITIALIZED_AUTOS = YES_AGGRESSIVE;
				GCC_WARN_UNUSED_FUNCTION = YES;
				GCC_WARN_UNUSED_VARIABLE = YES;
				IPHONEOS_DEPLOYMENT_TARGET = 15.0;
				LOCALIZATION_PREFERS_STRING_CATALOGS = YES;
				MTL_ENABLE_DEBUG_INFO = NO;
				MTL_FAST_MATH = YES;
				SDKROOT = iphoneos;
				SWIFT_COMPILATION_MODE = wholemodule;
				VALIDATE_PRODUCT = YES;
			};
			name = Release;
		};
		F7B5F9C32C087CF600DE1F88 /* Debug */ = {
			isa = XCBuildConfiguration;
			baseConfigurationReference = 3DEA6D87F7FF4FBEA8370B0E /* Pods-artist-promotion-platform.debug.xcconfig */;
			buildSettings = {
				ASSETCATALOG_COMPILER_APPICON_NAME = AppIcon;
				ASSETCATALOG_COMPILER_GLOBAL_ACCENT_COLOR_NAME = AccentColor;
				CODE_SIGN_STYLE = Automatic;
				CURRENT_PROJECT_VERSION = 1;
				DEVELOPMENT_TEAM = 89298L9ZSA;
				GENERATE_INFOPLIST_FILE = YES;
				INFOPLIST_FILE = "artist-promotion-platform/Info.plist";
				INFOPLIST_KEY_UIApplicationSupportsIndirectInputEvents = YES;
				INFOPLIST_KEY_UILaunchStoryboardName = LaunchScreen;
				INFOPLIST_KEY_UIMainStoryboardFile = Main;
				INFOPLIST_KEY_UISupportedInterfaceOrientations_iPad = "UIInterfaceOrientationPortrait UIInterfaceOrientationPortraitUpsideDown UIInterfaceOrientationLandscapeLeft UIInterfaceOrientationLandscapeRight";
				INFOPLIST_KEY_UISupportedInterfaceOrientations_iPhone = "UIInterfaceOrientationPortrait UIInterfaceOrientationLandscapeLeft UIInterfaceOrientationLandscapeRight";
				LD_RUNPATH_SEARCH_PATHS = (
					"$(inherited)",
					"@executable_path/Frameworks",
				);
				MARKETING_VERSION = 1.0;
				PRODUCT_BUNDLE_IDENTIFIER = "sergey-martynovich.artist-promotion-platform";
				PRODUCT_NAME = "$(TARGET_NAME)";
				SWIFT_EMIT_LOC_STRINGS = YES;
				SWIFT_VERSION = 5.0;
				TARGETED_DEVICE_FAMILY = "1,2";
			};
			name = Debug;
		};
		F7B5F9C42C087CF600DE1F88 /* Release */ = {
			isa = XCBuildConfiguration;
			baseConfigurationReference = CDCD3B24520C88967B7D93D6 /* Pods-artist-promotion-platform.release.xcconfig */;
			buildSettings = {
				ASSETCATALOG_COMPILER_APPICON_NAME = AppIcon;
				ASSETCATALOG_COMPILER_GLOBAL_ACCENT_COLOR_NAME = AccentColor;
				CODE_SIGN_STYLE = Automatic;
				CURRENT_PROJECT_VERSION = 1;
				DEVELOPMENT_TEAM = 89298L9ZSA;
				GENERATE_INFOPLIST_FILE = YES;
				INFOPLIST_FILE = "artist-promotion-platform/Info.plist";
				INFOPLIST_KEY_UIApplicationSupportsIndirectInputEvents = YES;
				INFOPLIST_KEY_UILaunchStoryboardName = LaunchScreen;
				INFOPLIST_KEY_UIMainStoryboardFile = Main;
				INFOPLIST_KEY_UISupportedInterfaceOrientations_iPad = "UIInterfaceOrientationPortrait UIInterfaceOrientationPortraitUpsideDown UIInterfaceOrientationLandscapeLeft UIInterfaceOrientationLandscapeRight";
				INFOPLIST_KEY_UISupportedInterfaceOrientations_iPhone = "UIInterfaceOrientationPortrait UIInterfaceOrientationLandscapeLeft UIInterfaceOrientationLandscapeRight";
				LD_RUNPATH_SEARCH_PATHS = (
					"$(inherited)",
					"@executable_path/Frameworks",
				);
				MARKETING_VERSION = 1.0;
				PRODUCT_BUNDLE_IDENTIFIER = "sergey-martynovich.artist-promotion-platform";
				PRODUCT_NAME = "$(TARGET_NAME)";
				SWIFT_EMIT_LOC_STRINGS = YES;
				SWIFT_VERSION = 5.0;
				TARGETED_DEVICE_FAMILY = "1,2";
			};
			name = Release;
		};
/* End XCBuildConfiguration section */

/* Begin XCConfigurationList section */
		F7B5F9A92C087CF000DE1F88 /* Build configuration list for PBXProject "artist-promotion-platform" */ = {
			isa = XCConfigurationList;
			buildConfigurations = (
				F7B5F9C02C087CF600DE1F88 /* Debug */,
				F7B5F9C12C087CF600DE1F88 /* Release */,
			);
			defaultConfigurationIsVisible = 0;
			defaultConfigurationName = Release;
		};
		F7B5F9C22C087CF600DE1F88 /* Build configuration list for PBXNativeTarget "artist-promotion-platform" */ = {
			isa = XCConfigurationList;
			buildConfigurations = (
				F7B5F9C32C087CF600DE1F88 /* Debug */,
				F7B5F9C42C087CF600DE1F88 /* Release */,
			);
			defaultConfigurationIsVisible = 0;
			defaultConfigurationName = Release;
		};
/* End XCConfigurationList section */
	};
	rootObject = F7B5F9A62C087CF000DE1F88 /* Project object */;
}
